// !$*UTF8*$!
{
	archiveVersion = 1;
	classes = {
	};
	objectVersion = 46;
	objects = {

/* Begin PBXBuildFile section */
		7EDC16A41D6638A3003693B5 /* AppDelegate.swift in Sources */ = {isa = PBXBuildFile; fileRef = 7EDC16A31D6638A3003693B5 /* AppDelegate.swift */; };
		7EDC16A91D6638A3003693B5 /* Main.storyboard in Resources */ = {isa = PBXBuildFile; fileRef = 7EDC16A71D6638A3003693B5 /* Main.storyboard */; };
		7EDC16AB1D6638A3003693B5 /* Assets.xcassets in Resources */ = {isa = PBXBuildFile; fileRef = 7EDC16AA1D6638A3003693B5 /* Assets.xcassets */; };
		7EDC16AE1D6638A3003693B5 /* LaunchScreen.storyboard in Resources */ = {isa = PBXBuildFile; fileRef = 7EDC16AC1D6638A3003693B5 /* LaunchScreen.storyboard */; };
		7EDC16B91D6638A4003693B5 /* WheelieTests.swift in Sources */ = {isa = PBXBuildFile; fileRef = 7EDC16B81D6638A4003693B5 /* WheelieTests.swift */; };
		7EDC16C41D6638A4003693B5 /* WheelieUITests.swift in Sources */ = {isa = PBXBuildFile; fileRef = 7EDC16C31D6638A4003693B5 /* WheelieUITests.swift */; };
		7EDC16D61D6639D8003693B5 /* MapViewController.swift in Sources */ = {isa = PBXBuildFile; fileRef = 7EDC16D51D6639D8003693B5 /* MapViewController.swift */; };
/* End PBXBuildFile section */

/* Begin PBXContainerItemProxy section */
		7EDC16B51D6638A4003693B5 /* PBXContainerItemProxy */ = {
			isa = PBXContainerItemProxy;
			containerPortal = 7EDC16981D6638A3003693B5 /* Project object */;
			proxyType = 1;
			remoteGlobalIDString = 7EDC169F1D6638A3003693B5;
			remoteInfo = Wheelie;
		};
		7EDC16C01D6638A4003693B5 /* PBXContainerItemProxy */ = {
			isa = PBXContainerItemProxy;
			containerPortal = 7EDC16981D6638A3003693B5 /* Project object */;
			proxyType = 1;
			remoteGlobalIDString = 7EDC169F1D6638A3003693B5;
			remoteInfo = Wheelie;
		};
/* End PBXContainerItemProxy section */

/* Begin PBXFileReference section */
		7EDC16A01D6638A3003693B5 /* Wheelie.app */ = {isa = PBXFileReference; explicitFileType = wrapper.application; includeInIndex = 0; path = Wheelie.app; sourceTree = BUILT_PRODUCTS_DIR; };
		7EDC16A31D6638A3003693B5 /* AppDelegate.swift */ = {isa = PBXFileReference; lastKnownFileType = sourcecode.swift; path = AppDelegate.swift; sourceTree = "<group>"; };
		7EDC16A81D6638A3003693B5 /* Base */ = {isa = PBXFileReference; lastKnownFileType = file.storyboard; name = Base; path = Base.lproj/Main.storyboard; sourceTree = "<group>"; };
		7EDC16AA1D6638A3003693B5 /* Assets.xcassets */ = {isa = PBXFileReference; lastKnownFileType = folder.assetcatalog; path = Assets.xcassets; sourceTree = "<group>"; };
		7EDC16AD1D6638A3003693B5 /* Base */ = {isa = PBXFileReference; lastKnownFileType = file.storyboard; name = Base; path = Base.lproj/LaunchScreen.storyboard; sourceTree = "<group>"; };
		7EDC16AF1D6638A3003693B5 /* Info.plist */ = {isa = PBXFileReference; lastKnownFileType = text.plist.xml; path = Info.plist; sourceTree = "<group>"; };
		7EDC16B41D6638A4003693B5 /* WheelieTests.xctest */ = {isa = PBXFileReference; explicitFileType = wrapper.cfbundle; includeInIndex = 0; path = WheelieTests.xctest; sourceTree = BUILT_PRODUCTS_DIR; };
		7EDC16B81D6638A4003693B5 /* WheelieTests.swift */ = {isa = PBXFileReference; lastKnownFileType = sourcecode.swift; path = WheelieTests.swift; sourceTree = "<group>"; };
		7EDC16BA1D6638A4003693B5 /* Info.plist */ = {isa = PBXFileReference; lastKnownFileType = text.plist.xml; path = Info.plist; sourceTree = "<group>"; };
		7EDC16BF1D6638A4003693B5 /* WheelieUITests.xctest */ = {isa = PBXFileReference; explicitFileType = wrapper.cfbundle; includeInIndex = 0; path = WheelieUITests.xctest; sourceTree = BUILT_PRODUCTS_DIR; };
		7EDC16C31D6638A4003693B5 /* WheelieUITests.swift */ = {isa = PBXFileReference; lastKnownFileType = sourcecode.swift; path = WheelieUITests.swift; sourceTree = "<group>"; };
		7EDC16C51D6638A4003693B5 /* Info.plist */ = {isa = PBXFileReference; lastKnownFileType = text.plist.xml; path = Info.plist; sourceTree = "<group>"; };
		7EDC16D51D6639D8003693B5 /* MapViewController.swift */ = {isa = PBXFileReference; fileEncoding = 4; lastKnownFileType = sourcecode.swift; path = MapViewController.swift; sourceTree = "<group>"; };
/* End PBXFileReference section */

/* Begin PBXFrameworksBuildPhase section */
		7EDC169D1D6638A3003693B5 /* Frameworks */ = {
			isa = PBXFrameworksBuildPhase;
			buildActionMask = 2147483647;
			files = (
			);
			runOnlyForDeploymentPostprocessing = 0;
		};
		7EDC16B11D6638A4003693B5 /* Frameworks */ = {
			isa = PBXFrameworksBuildPhase;
			buildActionMask = 2147483647;
			files = (
			);
			runOnlyForDeploymentPostprocessing = 0;
		};
		7EDC16BC1D6638A4003693B5 /* Frameworks */ = {
			isa = PBXFrameworksBuildPhase;
			buildActionMask = 2147483647;
			files = (
			);
			runOnlyForDeploymentPostprocessing = 0;
		};
/* End PBXFrameworksBuildPhase section */

/* Begin PBXGroup section */
		7EDC16971D6638A3003693B5 = {
			isa = PBXGroup;
			children = (
				7EDC16A21D6638A3003693B5 /* Wheelie */,
				7EDC16B71D6638A4003693B5 /* WheelieTests */,
				7EDC16C21D6638A4003693B5 /* WheelieUITests */,
				7EDC16A11D6638A3003693B5 /* Products */,
			);
			sourceTree = "<group>";
		};
		7EDC16A11D6638A3003693B5 /* Products */ = {
			isa = PBXGroup;
			children = (
				7EDC16A01D6638A3003693B5 /* Wheelie.app */,
				7EDC16B41D6638A4003693B5 /* WheelieTests.xctest */,
				7EDC16BF1D6638A4003693B5 /* WheelieUITests.xctest */,
			);
			name = Products;
			sourceTree = "<group>";
		};
		7EDC16A21D6638A3003693B5 /* Wheelie */ = {
			isa = PBXGroup;
			children = (
				7EDC16D91D663B53003693B5 /* Resources */,
				7EDC16D81D663B4E003693B5 /* Storyboards */,
				7EDC16D71D663B46003693B5 /* View Controllers */,
			);
			path = Wheelie;
			sourceTree = "<group>";
		};
		7EDC16B71D6638A4003693B5 /* WheelieTests */ = {
			isa = PBXGroup;
			children = (
				7EDC16B81D6638A4003693B5 /* WheelieTests.swift */,
				7EDC16BA1D6638A4003693B5 /* Info.plist */,
			);
			path = WheelieTests;
			sourceTree = "<group>";
		};
		7EDC16C21D6638A4003693B5 /* WheelieUITests */ = {
			isa = PBXGroup;
			children = (
				7EDC16C31D6638A4003693B5 /* WheelieUITests.swift */,
				7EDC16C51D6638A4003693B5 /* Info.plist */,
			);
			path = WheelieUITests;
			sourceTree = "<group>";
		};
		7EDC16D71D663B46003693B5 /* View Controllers */ = {
			isa = PBXGroup;
			children = (
				7EDC16D51D6639D8003693B5 /* MapViewController.swift */,
			);
			name = "View Controllers";
			sourceTree = "<group>";
		};
		7EDC16D81D663B4E003693B5 /* Storyboards */ = {
			isa = PBXGroup;
			children = (
				7EDC16A71D6638A3003693B5 /* Main.storyboard */,
				7EDC16AC1D6638A3003693B5 /* LaunchScreen.storyboard */,
			);
			name = Storyboards;
			sourceTree = "<group>";
		};
		7EDC16D91D663B53003693B5 /* Resources */ = {
			isa = PBXGroup;
			children = (
				7EDC16A31D6638A3003693B5 /* AppDelegate.swift */,
				7EDC16AA1D6638A3003693B5 /* Assets.xcassets */,
				7EDC16AF1D6638A3003693B5 /* Info.plist */,
			);
			name = Resources;
			sourceTree = "<group>";
		};
/* End PBXGroup section */

/* Begin PBXNativeTarget section */
		7EDC169F1D6638A3003693B5 /* Wheelie */ = {
			isa = PBXNativeTarget;
			buildConfigurationList = 7EDC16C81D6638A4003693B5 /* Build configuration list for PBXNativeTarget "Wheelie" */;
			buildPhases = (
				7EDC169C1D6638A3003693B5 /* Sources */,
				7EDC169D1D6638A3003693B5 /* Frameworks */,
				7EDC169E1D6638A3003693B5 /* Resources */,
			);
			buildRules = (
			);
			dependencies = (
			);
			name = Wheelie;
			productName = Wheelie;
			productReference = 7EDC16A01D6638A3003693B5 /* Wheelie.app */;
			productType = "com.apple.product-type.application";
		};
		7EDC16B31D6638A4003693B5 /* WheelieTests */ = {
			isa = PBXNativeTarget;
			buildConfigurationList = 7EDC16CB1D6638A4003693B5 /* Build configuration list for PBXNativeTarget "WheelieTests" */;
			buildPhases = (
				7EDC16B01D6638A4003693B5 /* Sources */,
				7EDC16B11D6638A4003693B5 /* Frameworks */,
				7EDC16B21D6638A4003693B5 /* Resources */,
			);
			buildRules = (
			);
			dependencies = (
				7EDC16B61D6638A4003693B5 /* PBXTargetDependency */,
			);
			name = WheelieTests;
			productName = WheelieTests;
			productReference = 7EDC16B41D6638A4003693B5 /* WheelieTests.xctest */;
			productType = "com.apple.product-type.bundle.unit-test";
		};
		7EDC16BE1D6638A4003693B5 /* WheelieUITests */ = {
			isa = PBXNativeTarget;
			buildConfigurationList = 7EDC16CE1D6638A4003693B5 /* Build configuration list for PBXNativeTarget "WheelieUITests" */;
			buildPhases = (
				7EDC16BB1D6638A4003693B5 /* Sources */,
				7EDC16BC1D6638A4003693B5 /* Frameworks */,
				7EDC16BD1D6638A4003693B5 /* Resources */,
			);
			buildRules = (
			);
			dependencies = (
				7EDC16C11D6638A4003693B5 /* PBXTargetDependency */,
			);
			name = WheelieUITests;
			productName = WheelieUITests;
			productReference = 7EDC16BF1D6638A4003693B5 /* WheelieUITests.xctest */;
			productType = "com.apple.product-type.bundle.ui-testing";
		};
/* End PBXNativeTarget section */

/* Begin PBXProject section */
		7EDC16981D6638A3003693B5 /* Project object */ = {
			isa = PBXProject;
			attributes = {
				LastSwiftUpdateCheck = 0730;
				LastUpgradeCheck = 0730;
				ORGANIZATIONNAME = Mobi;
				TargetAttributes = {
					7EDC169F1D6638A3003693B5 = {
						CreatedOnToolsVersion = 7.3.1;
					};
					7EDC16B31D6638A4003693B5 = {
						CreatedOnToolsVersion = 7.3.1;
						TestTargetID = 7EDC169F1D6638A3003693B5;
					};
					7EDC16BE1D6638A4003693B5 = {
						CreatedOnToolsVersion = 7.3.1;
						TestTargetID = 7EDC169F1D6638A3003693B5;
					};
				};
			};
			buildConfigurationList = 7EDC169B1D6638A3003693B5 /* Build configuration list for PBXProject "Wheelie" */;
			compatibilityVersion = "Xcode 3.2";
			developmentRegion = English;
			hasScannedForEncodings = 0;
			knownRegions = (
				en,
				Base,
			);
			mainGroup = 7EDC16971D6638A3003693B5;
			productRefGroup = 7EDC16A11D6638A3003693B5 /* Products */;
			projectDirPath = "";
			projectRoot = "";
			targets = (
				7EDC169F1D6638A3003693B5 /* Wheelie */,
				7EDC16B31D6638A4003693B5 /* WheelieTests */,
				7EDC16BE1D6638A4003693B5 /* WheelieUITests */,
			);
		};
/* End PBXProject section */

/* Begin PBXResourcesBuildPhase section */
		7EDC169E1D6638A3003693B5 /* Resources */ = {
			isa = PBXResourcesBuildPhase;
			buildActionMask = 2147483647;
			files = (
				7EDC16AE1D6638A3003693B5 /* LaunchScreen.storyboard in Resources */,
				7EDC16AB1D6638A3003693B5 /* Assets.xcassets in Resources */,
				7EDC16A91D6638A3003693B5 /* Main.storyboard in Resources */,
			);
			runOnlyForDeploymentPostprocessing = 0;
		};
		7EDC16B21D6638A4003693B5 /* Resources */ = {
			isa = PBXResourcesBuildPhase;
			buildActionMask = 2147483647;
			files = (
			);
			runOnlyForDeploymentPostprocessing = 0;
		};
		7EDC16BD1D6638A4003693B5 /* Resources */ = {
			isa = PBXResourcesBuildPhase;
			buildActionMask = 2147483647;
			files = (
			);
			runOnlyForDeploymentPostprocessing = 0;
		};
/* End PBXResourcesBuildPhase section */

/* Begin PBXSourcesBuildPhase section */
		7EDC169C1D6638A3003693B5 /* Sources */ = {
			isa = PBXSourcesBuildPhase;
			buildActionMask = 2147483647;
			files = (
				7EDC16A41D6638A3003693B5 /* AppDelegate.swift in Sources */,
				7EDC16D61D6639D8003693B5 /* MapViewController.swift in Sources */,
			);
			runOnlyForDeploymentPostprocessing = 0;
		};
		7EDC16B01D6638A4003693B5 /* Sources */ = {
			isa = PBXSourcesBuildPhase;
			buildActionMask = 2147483647;
			files = (
				7EDC16B91D6638A4003693B5 /* WheelieTests.swift in Sources */,
			);
			runOnlyForDeploymentPostprocessing = 0;
		};
		7EDC16BB1D6638A4003693B5 /* Sources */ = {
			isa = PBXSourcesBuildPhase;
			buildActionMask = 2147483647;
			files = (
				7EDC16C41D6638A4003693B5 /* WheelieUITests.swift in Sources */,
			);
			runOnlyForDeploymentPostprocessing = 0;
		};
/* End PBXSourcesBuildPhase section */

/* Begin PBXTargetDependency section */
		7EDC16B61D6638A4003693B5 /* PBXTargetDependency */ = {
			isa = PBXTargetDependency;
			target = 7EDC169F1D6638A3003693B5 /* Wheelie */;
			targetProxy = 7EDC16B51D6638A4003693B5 /* PBXContainerItemProxy */;
		};
		7EDC16C11D6638A4003693B5 /* PBXTargetDependency */ = {
			isa = PBXTargetDependency;
			target = 7EDC169F1D6638A3003693B5 /* Wheelie */;
			targetProxy = 7EDC16C01D6638A4003693B5 /* PBXContainerItemProxy */;
		};
/* End PBXTargetDependency section */

/* Begin PBXVariantGroup section */
		7EDC16A71D6638A3003693B5 /* Main.storyboard */ = {
			isa = PBXVariantGroup;
			children = (
				7EDC16A81D6638A3003693B5 /* Base */,
			);
			name = Main.storyboard;
			sourceTree = "<group>";
		};
		7EDC16AC1D6638A3003693B5 /* LaunchScreen.storyboard */ = {
			isa = PBXVariantGroup;
			children = (
				7EDC16AD1D6638A3003693B5 /* Base */,
			);
			name = LaunchScreen.storyboard;
			sourceTree = "<group>";
		};
/* End PBXVariantGroup section */

/* Begin XCBuildConfiguration section */
		7EDC16C61D6638A4003693B5 /* Debug */ = {
			isa = XCBuildConfiguration;
			buildSettings = {
				ALWAYS_SEARCH_USER_PATHS = NO;
				CLANG_ANALYZER_NONNULL = YES;
				CLANG_CXX_LANGUAGE_STANDARD = "gnu++0x";
				CLANG_CXX_LIBRARY = "libc++";
				CLANG_ENABLE_MODULES = YES;
				CLANG_ENABLE_OBJC_ARC = YES;
				CLANG_WARN_BOOL_CONVERSION = YES;
				CLANG_WARN_CONSTANT_CONVERSION = YES;
				CLANG_WARN_DIRECT_OBJC_ISA_USAGE = YES_ERROR;
				CLANG_WARN_EMPTY_BODY = YES;
				CLANG_WARN_ENUM_CONVERSION = YES;
				CLANG_WARN_INT_CONVERSION = YES;
				CLANG_WARN_OBJC_ROOT_CLASS = YES_ERROR;
				CLANG_WARN_UNREACHABLE_CODE = YES;
				CLANG_WARN__DUPLICATE_METHOD_MATCH = YES;
				"CODE_SIGN_IDENTITY[sdk=iphoneos*]" = "iPhone Developer";
				COPY_PHASE_STRIP = NO;
				DEBUG_INFORMATION_FORMAT = dwarf;
				ENABLE_STRICT_OBJC_MSGSEND = YES;
				ENABLE_TESTABILITY = YES;
				GCC_C_LANGUAGE_STANDARD = gnu99;
				GCC_DYNAMIC_NO_PIC = NO;
				GCC_NO_COMMON_BLOCKS = YES;
				GCC_OPTIMIZATION_LEVEL = 0;
				GCC_PREPROCESSOR_DEFINITIONS = (
					"DEBUG=1",
					"$(inherited)",
				);
				GCC_WARN_64_TO_32_BIT_CONVERSION = YES;
				GCC_WARN_ABOUT_RETURN_TYPE = YES_ERROR;
				GCC_WARN_UNDECLARED_SELECTOR = YES;
				GCC_WARN_UNINITIALIZED_AUTOS = YES_AGGRESSIVE;
				GCC_WARN_UNUSED_FUNCTION = YES;
				GCC_WARN_UNUSED_VARIABLE = YES;
				IPHONEOS_DEPLOYMENT_TARGET = 9.3;
				MTL_ENABLE_DEBUG_INFO = YES;
				ONLY_ACTIVE_ARCH = YES;
				SDKROOT = iphoneos;
				SWIFT_OPTIMIZATION_LEVEL = "-Onone";
				TARGETED_DEVICE_FAMILY = "1,2";
			};
			name = Debug;
		};
		7EDC16C71D6638A4003693B5 /* Release */ = {
			isa = XCBuildConfiguration;
			buildSettings = {
				ALWAYS_SEARCH_USER_PATHS = NO;
				CLANG_ANALYZER_NONNULL = YES;
				CLANG_CXX_LANGUAGE_STANDARD = "gnu++0x";
				CLANG_CXX_LIBRARY = "libc++";
				CLANG_ENABLE_MODULES = YES;
				CLANG_ENABLE_OBJC_ARC = YES;
				CLANG_WARN_BOOL_CONVERSION = YES;
				CLANG_WARN_CONSTANT_CONVERSION = YES;
				CLANG_WARN_DIRECT_OBJC_ISA_USAGE = YES_ERROR;
				CLANG_WARN_EMPTY_BODY = YES;
				CLANG_WARN_ENUM_CONVERSION = YES;
				CLANG_WARN_INT_CONVERSION = YES;
				CLANG_WARN_OBJC_ROOT_CLASS = YES_ERROR;
				CLANG_WARN_UNREACHABLE_CODE = YES;
				CLANG_WARN__DUPLICATE_METHOD_MATCH = YES;
				"CODE_SIGN_IDENTITY[sdk=iphoneos*]" = "iPhone Developer";
				COPY_PHASE_STRIP = NO;
				DEBUG_INFORMATION_FORMAT = "dwarf-with-dsym";
				ENABLE_NS_ASSERTIONS = NO;
				ENABLE_STRICT_OBJC_MSGSEND = YES;
				GCC_C_LANGUAGE_STANDARD = gnu99;
				GCC_NO_COMMON_BLOCKS = YES;
				GCC_WARN_64_TO_32_BIT_CONVERSION = YES;
				GCC_WARN_ABOUT_RETURN_TYPE = YES_ERROR;
				GCC_WARN_UNDECLARED_SELECTOR = YES;
				GCC_WARN_UNINITIALIZED_AUTOS = YES_AGGRESSIVE;
				GCC_WARN_UNUSED_FUNCTION = YES;
				GCC_WARN_UNUSED_VARIABLE = YES;
				IPHONEOS_DEPLOYMENT_TARGET = 9.3;
				MTL_ENABLE_DEBUG_INFO = NO;
				SDKROOT = iphoneos;
				TARGETED_DEVICE_FAMILY = "1,2";
				VALIDATE_PRODUCT = YES;
			};
			name = Release;
		};
		7EDC16C91D6638A4003693B5 /* Debug */ = {
			isa = XCBuildConfiguration;
			buildSettings = {
				ASSETCATALOG_COMPILER_APPICON_NAME = AppIcon;
				INFOPLIST_FILE = Wheelie/Info.plist;
				LD_RUNPATH_SEARCH_PATHS = "$(inherited) @executable_path/Frameworks";
				PRODUCT_BUNDLE_IDENTIFIER = imobi.idappthat.Wheelie;
				PRODUCT_NAME = "$(TARGET_NAME)";
			};
			name = Debug;
		};
		7EDC16CA1D6638A4003693B5 /* Release */ = {
			isa = XCBuildConfiguration;
			buildSettings = {
				ASSETCATALOG_COMPILER_APPICON_NAME = AppIcon;
				INFOPLIST_FILE = Wheelie/Info.plist;
				LD_RUNPATH_SEARCH_PATHS = "$(inherited) @executable_path/Frameworks";
				PRODUCT_BUNDLE_IDENTIFIER = imobi.idappthat.Wheelie;
				PRODUCT_NAME = "$(TARGET_NAME)";
			};
			name = Release;
		};
		7EDC16CC1D6638A4003693B5 /* Debug */ = {
			isa = XCBuildConfiguration;
			buildSettings = {
				BUNDLE_LOADER = "$(TEST_HOST)";
				INFOPLIST_FILE = WheelieTests/Info.plist;
				LD_RUNPATH_SEARCH_PATHS = "$(inherited) @executable_path/Frameworks @loader_path/Frameworks";
				PRODUCT_BUNDLE_IDENTIFIER = imobi.idappthat.WheelieTests;
				PRODUCT_NAME = "$(TARGET_NAME)";
				TEST_HOST = "$(BUILT_PRODUCTS_DIR)/Wheelie.app/Wheelie";
			};
			name = Debug;
		};
		7EDC16CD1D6638A4003693B5 /* Release */ = {
			isa = XCBuildConfiguration;
			buildSettings = {
				BUNDLE_LOADER = "$(TEST_HOST)";
				INFOPLIST_FILE = WheelieTests/Info.plist;
				LD_RUNPATH_SEARCH_PATHS = "$(inherited) @executable_path/Frameworks @loader_path/Frameworks";
				PRODUCT_BUNDLE_IDENTIFIER = imobi.idappthat.WheelieTests;
				PRODUCT_NAME = "$(TARGET_NAME)";
				TEST_HOST = "$(BUILT_PRODUCTS_DIR)/Wheelie.app/Wheelie";
			};
			name = Release;
		};
		7EDC16CF1D6638A4003693B5 /* Debug */ = {
			isa = XCBuildConfiguration;
			buildSettings = {
				INFOPLIST_FILE = WheelieUITests/Info.plist;
				LD_RUNPATH_SEARCH_PATHS = "$(inherited) @executable_path/Frameworks @loader_path/Frameworks";
				PRODUCT_BUNDLE_IDENTIFIER = imobi.idappthat.WheelieUITests;
				PRODUCT_NAME = "$(TARGET_NAME)";
				TEST_TARGET_NAME = Wheelie;
			};
			name = Debug;
		};
		7EDC16D01D6638A4003693B5 /* Release */ = {
			isa = XCBuildConfiguration;
			buildSettings = {
				INFOPLIST_FILE = WheelieUITests/Info.plist;
				LD_RUNPATH_SEARCH_PATHS = "$(inherited) @executable_path/Frameworks @loader_path/Frameworks";
				PRODUCT_BUNDLE_IDENTIFIER = imobi.idappthat.WheelieUITests;
				PRODUCT_NAME = "$(TARGET_NAME)";
				TEST_TARGET_NAME = Wheelie;
			};
			name = Release;
		};
/* End XCBuildConfiguration section */

/* Begin XCConfigurationList section */
		7EDC169B1D6638A3003693B5 /* Build configuration list for PBXProject "Wheelie" */ = {
			isa = XCConfigurationList;
			buildConfigurations = (
				7EDC16C61D6638A4003693B5 /* Debug */,
				7EDC16C71D6638A4003693B5 /* Release */,
			);
			defaultConfigurationIsVisible = 0;
			defaultConfigurationName = Release;
		};
		7EDC16C81D6638A4003693B5 /* Build configuration list for PBXNativeTarget "Wheelie" */ = {
			isa = XCConfigurationList;
			buildConfigurations = (
				7EDC16C91D6638A4003693B5 /* Debug */,
				7EDC16CA1D6638A4003693B5 /* Release */,
			);
			defaultConfigurationIsVisible = 0;
		};
		7EDC16CB1D6638A4003693B5 /* Build configuration list for PBXNativeTarget "WheelieTests" */ = {
			isa = XCConfigurationList;
			buildConfigurations = (
				7EDC16CC1D6638A4003693B5 /* Debug */,
				7EDC16CD1D6638A4003693B5 /* Release */,
			);
			defaultConfigurationIsVisible = 0;
		};
		7EDC16CE1D6638A4003693B5 /* Build configuration list for PBXNativeTarget "WheelieUITests" */ = {
			isa = XCConfigurationList;
			buildConfigurations = (
				7EDC16CF1D6638A4003693B5 /* Debug */,
				7EDC16D01D6638A4003693B5 /* Release */,
			);
			defaultConfigurationIsVisible = 0;
		};
/* End XCConfigurationList section */
	};
	rootObject = 7EDC16981D6638A3003693B5 /* Project object */;
}
